
Microsoft Visual Studio Solution File, Format Version 12.00
# Visual Studio Version 16
VisualStudioVersion = 16.0.29613.14
MinimumVisualStudioVersion = 10.0.40219.1
Project("{FAE04EC0-301F-11D3-BF4B-00C04F79EFBC}") = "Area calculator", "Area calculator\Area calculator.csproj", "{C27C2F1C-B0A6-4A6B-99A7-5CB84310F400}"
EndProject
Global
	GlobalSection(SolutionConfigurationPlatforms) = preSolution
		Debug|Any CPU = Debug|Any CPU
		Release|Any CPU = Release|Any CPU
	EndGlobalSection
	GlobalSection(ProjectConfigurationPlatforms) = postSolution
		{C27C2F1C-B0A6-4A6B-99A7-5CB84310F400}.Debug|Any CPU.ActiveCfg = Debug|Any CPU
		{C27C2F1C-B0A6-4A6B-99A7-5CB84310F400}.Debug|Any CPU.Build.0 = Debug|Any CPU
		{C27C2F1C-B0A6-4A6B-99A7-5CB84310F400}.Release|Any CPU.ActiveCfg = Release|Any CPU
		{C27C2F1C-B0A6-4A6B-99A7-5CB84310F400}.Release|Any CPU.Build.0 = Release|Any CPU
	EndGlobalSection
	GlobalSection(SolutionProperties) = preSolution
		HideSolutionNode = FALSE
	EndGlobalSection
	GlobalSection(ExtensibilityGlobals) = postSolution
		SolutionGuid = {50D430ED-9C8B-43AE-BEE9-B6B8341A9ACC}
	EndGlobalSection
EndGlobal
